//
//  CleanSuite Xcode Project — Auto-Generated
//

{
	archiveVersion = 1;
	classes = {};
	objectVersion = 60;
	objects = {

/* ================ FILE REFERENCES ================ */

		F1APP = { isa = PBXFileReference; lastKnownFileType = sourcecode.swift; path = CleanSuiteApp.swift; sourceTree = "<group>"; };
		F2CONTENT = { isa = PBXFileReference; lastKnownFileType = sourcecode.swift; path = ContentView.swift; sourceTree = "<group>"; };
		F3DASHBOARD = { isa = PBXFileReference; lastKnownFileType = sourcecode.swift; path = DashboardView.swift; sourceTree = "<group>"; };
		F4QUICK = { isa = PBXFileReference; lastKnownFileType = sourcecode.swift; path = QuickCleanView.swift; sourceTree = "<group>"; };
		F5DEEP = { isa = PBXFileReference; lastKnownFileType = sourcecode.swift; path = DeepCleanView.swift; sourceTree = "<group>"; };
		F6BROWSER = { isa = PBXFileReference; lastKnownFileType = sourcecode.swift; path = BrowserCleanView.swift; sourceTree = "<group>"; };
		F7MAIL = { isa = PBXFileReference; lastKnownFileType = sourcecode.swift; path = MailCleanView.swift; sourceTree = "<group>"; };
		F8LINE = { isa = PBXFileReference; lastKnownFileType = sourcecode.swift; path = LINECleanView.swift; sourceTree = "<group>"; };
		F9SCHEDULER = { isa = PBXFileReference; lastKnownFileType = sourcecode.swift; path = SchedulerView.swift; sourceTree = "<group>"; };
		F10SETTINGS = { isa = PBXFileReference; lastKnownFileType = sourcecode.swift; path = SettingsView.swift; sourceTree = "<group>"; };

		F11SHARED = { isa = PBXFileReference; lastKnownFileType = sourcecode.swift; path = Shared.swift; sourceTree = "<group>"; };
		F12HELPER = { isa = PBXFileReference; lastKnownFileType = sourcecode.swift; path = Helper.swift; sourceTree = "<group>"; };

		F13ASSETS = { isa = PBXFileReference; lastKnownFileType = folder.assetcatalog; path = Assets.xcassets; sourceTree = "<group>"; };
		F14PLIST = { isa = PBXFileReference; lastKnownFileType = text.plist.xml; path = Info.plist; sourceTree = "<group>"; };

		F15PRODUCT = { isa = PBXFileReference; explicitFileType = wrapper.application; path = CleanSuite.app; sourceTree = BUILT_PRODUCTS_DIR; };

		F16PKG = { isa = PBXFileReference; lastKnownFileType = text; path = Package.swift; sourceTree = "<group>"; };
		F17README = { isa = PBXFileReference; lastKnownFileType = net.daringfireball.markdown; path = README.md; sourceTree = "<group>"; };

/* =============== GROUPS =============== */

		GROOT = {
			isa = PBXGroup;
			children = (
				GAPP,
				GSHARED,
				GHELPER,
				F16PKG,
				F17README,
				F15PRODUCT,
			);
			sourceTree = "<group>";
		};

		GAPP = {
			isa = PBXGroup;
			path = CleanSuiteApp;
			sourceTree = "<group>";
			children = (
				F1APP,
				F2CONTENT,
				F3DASHBOARD,
				F4QUICK,
				F5DEEP,
				F6BROWSER,
				F7MAIL,
				F8LINE,
				F9SCHEDULER,
				F10SETTINGS,
				F13ASSETS,
				F14PLIST,
			);
		};

		GSHARED = {
			isa = PBXGroup;
			path = shared;
			sourceTree = "<group>";
			children = ( F11SHARED );
		};

		GHELPER = {
			isa = PBXGroup;
			path = CleanSuiteHelper;
			sourceTree = "<group>";
			children = ( F12HELPER );
		};

/* ================ BUILD FILES ================ */

		B1APP = { isa = PBXBuildFile; fileRef = F1APP; };
		B2CONTENT = { isa = PBXBuildFile; fileRef = F2CONTENT; };
		B3DASHBOARD = { isa = PBXBuildFile; fileRef = F3DASHBOARD; };
		B4QUICK = { isa = PBXBuildFile; fileRef = F4QUICK; };
		B5DEEP = { isa = PBXBuildFile; fileRef = F5DEEP; };
		B6BROWSER = { isa = PBXBuildFile; fileRef = F6BROWSER; };
		B7MAIL = { isa = PBXBuildFile; fileRef = F7MAIL; };
		B8LINE = { isa = PBXBuildFile; fileRef = F8LINE; };
		B9SCHEDULER = { isa = PBXBuildFile; fileRef = F9SCHEDULER; };
		B10SETTINGS = { isa = PBXBuildFile; fileRef = F10SETTINGS; };

		B11SHARED = { isa = PBXBuildFile; fileRef = F11SHARED; };
		B12HELPER = { isa = PBXBuildFile; fileRef = F12HELPER; };

		BASSETS = { isa = PBXBuildFile; fileRef = F13ASSETS; };

/* ================ SOURCES BUILD PHASE ================ */

		PHASE_SOURCES = {
			isa = PBXSourcesBuildPhase;
			files = (
				B1APP,
				B2CONTENT,
				B3DASHBOARD,
				B4QUICK,
				B5DEEP,
				B6BROWSER,
				B7MAIL,
				B8LINE,
				B9SCHEDULER,
				B10SETTINGS,
				B11SHARED,
				B12HELPER,
			);
		};

/* ================ RESOURCES ================ */

		PHASE_RESOURCES = {
			isa = PBXResourcesBuildPhase;
			files = ( BASSETS );
		};

/* ================ FRAMEWORKS ================ */

		PHASE_FRAMEWORKS = {
			isa = PBXFrameworksBuildPhase;
			files = ( );
		};

/* ================ TARGET ================ */

		TARGET_APP = {
			isa = PBXNativeTarget;
			name = CleanSuite;
			productName = CleanSuite;
			productType = "com.apple.product-type.application";
			buildPhases = (
				PHASE_SOURCES,
				PHASE_FRAMEWORKS,
				PHASE_RESOURCES,
			);
			buildConfigurationList = CONFIG_TARGET_LIST;
			productReference = F15PRODUCT;
		};

/* ================ PROJECT ================ */

		PROJECT = {
			isa = PBXProject;
			mainGroup = GROOT;
			productRefGroup = GROOT;
			targets = ( TARGET_APP );
			buildConfigurationList = CONFIG_PROJECT_LIST;
			compatibilityVersion = "Xcode 16.0";
			developmentRegion = en;
			knownRegions = ( en, "zh-Hant" );
		};

/* ================ CONFIGURATIONS ================ */

		CONFIG_DEBUG = {
			isa = XCBuildConfiguration;
			name = Debug;
			buildSettings = {
				PRODUCT_NAME = CleanSuite;
				INFOPLIST_FILE = "CleanSuiteApp/Info.plist";
				SDKROOT = macosx;
				DEVELOPMENT_TEAM = "";
				CODE_SIGN_STYLE = Automatic;
				MACOSX_DEPLOYMENT_TARGET = 13.0;
				SWIFT_VERSION = 5.0;
			};
		};

		CONFIG_RELEASE = {
			isa = XCBuildConfiguration;
			name = Release;
			buildSettings = {
				PRODUCT_NAME = CleanSuite;
				INFOPLIST_FILE = "CleanSuiteApp/Info.plist";
				SDKROOT = macosx;
				DEVELOPMENT_TEAM = "";
				CODE_SIGN_STYLE = Automatic;
				MACOSX_DEPLOYMENT_TARGET = 13.0;
				SWIFT_VERSION = 5.0;
			};
		};

		CONFIG_PROJECT_LIST = {
			isa = XCConfigurationList;
			buildConfigurations = ( CONFIG_DEBUG, CONFIG_RELEASE );
			defaultConfigurationName = Release;
		};

		CONFIG_TARGET_LIST = {
			isa = XCConfigurationList;
			buildConfigurations = ( CONFIG_DEBUG, CONFIG_RELEASE );
			defaultConfigurationName = Release;
		};

	};

	rootObject = PROJECT;
}
